
Microsoft Visual Studio Solution File, Format Version 12.00
# Visual Studio Version 17
VisualStudioVersion = 17.13.35507.96
MinimumVisualStudioVersion = 10.0.40219.1
Project("{2150E333-8FDC-42A3-9474-1A3956D46DE8}") = "Solution Items", "Solution Items", "{8EC462FD-D22E-90A8-E5CE-7E832BA40C5D}"
	ProjectSection(SolutionItems) = preProject
		ProjectDocs\ai_strucure.yaml = ProjectDocs\ai_strucure.yaml
		FrontEndComponents\components\appoinments-list.html = FrontEndComponents\components\appoinments-list.html
		FrontEndComponents\components\button.html = FrontEndComponents\components\button.html
		ProjectDocs\erd.drawio = ProjectDocs\erd.drawio
		FrontEndComponents\components\input.html = FrontEndComponents\components\input.html
		FrontEndComponents\components\Profile-preview.html = FrontEndComponents\components\Profile-preview.html
		ProjectDocs\structure.yaml = ProjectDocs\structure.yaml
	EndProjectSection
EndProject
Project("{9A19103F-16F7-4668-BE54-9A1E7A4F7556}") = "HSS.Domain", "HSS.Domain\HSS.Domain.csproj", "{5B4B0709-5683-40E6-8BA6-D7F779A4FDE1}"
EndProject
Project("{9A19103F-16F7-4668-BE54-9A1E7A4F7556}") = "HSS.DataAccess", "HSS.DataAccess\HSS.DataAccess.csproj", "{6567935B-41ED-48E1-923D-FEAEF7F9481C}"
EndProject
Project("{9A19103F-16F7-4668-BE54-9A1E7A4F7556}") = "HSS.Services", "HSS.Services\HSS.Services.csproj", "{55BB368E-C532-4559-B57B-24D30BA90A45}"
EndProject
Project("{9A19103F-16F7-4668-BE54-9A1E7A4F7556}") = "HSS.Presentation.Patient.Api", "HSS.Presentation.Patient.Api\HSS.Presentation.Patient.Api.csproj", "{869AB66B-6298-4829-A6D2-C3CC1823B44B}"
EndProject
Project("{9A19103F-16F7-4668-BE54-9A1E7A4F7556}") = "HSS.Presentation.MVC", "HSS.Presentation.MVC\HSS.Presentation.MVC.csproj", "{E4C547F9-6C29-45EF-8A1F-459DA9640AB6}"
EndProject
Global
	GlobalSection(SolutionConfigurationPlatforms) = preSolution
		Debug|Any CPU = Debug|Any CPU
		Release|Any CPU = Release|Any CPU
	EndGlobalSection
	GlobalSection(ProjectConfigurationPlatforms) = postSolution
		{5B4B0709-5683-40E6-8BA6-D7F779A4FDE1}.Debug|Any CPU.ActiveCfg = Debug|Any CPU
		{5B4B0709-5683-40E6-8BA6-D7F779A4FDE1}.Debug|Any CPU.Build.0 = Debug|Any CPU
		{5B4B0709-5683-40E6-8BA6-D7F779A4FDE1}.Release|Any CPU.ActiveCfg = Release|Any CPU
		{5B4B0709-5683-40E6-8BA6-D7F779A4FDE1}.Release|Any CPU.Build.0 = Release|Any CPU
		{6567935B-41ED-48E1-923D-FEAEF7F9481C}.Debug|Any CPU.ActiveCfg = Debug|Any CPU
		{6567935B-41ED-48E1-923D-FEAEF7F9481C}.Debug|Any CPU.Build.0 = Debug|Any CPU
		{6567935B-41ED-48E1-923D-FEAEF7F9481C}.Release|Any CPU.ActiveCfg = Release|Any CPU
		{6567935B-41ED-48E1-923D-FEAEF7F9481C}.Release|Any CPU.Build.0 = Release|Any CPU
		{55BB368E-C532-4559-B57B-24D30BA90A45}.Debug|Any CPU.ActiveCfg = Debug|Any CPU
		{55BB368E-C532-4559-B57B-24D30BA90A45}.Debug|Any CPU.Build.0 = Debug|Any CPU
		{55BB368E-C532-4559-B57B-24D30BA90A45}.Release|Any CPU.ActiveCfg = Release|Any CPU
		{55BB368E-C532-4559-B57B-24D30BA90A45}.Release|Any CPU.Build.0 = Release|Any CPU
		{869AB66B-6298-4829-A6D2-C3CC1823B44B}.Debug|Any CPU.ActiveCfg = Debug|Any CPU
		{869AB66B-6298-4829-A6D2-C3CC1823B44B}.Debug|Any CPU.Build.0 = Debug|Any CPU
		{869AB66B-6298-4829-A6D2-C3CC1823B44B}.Release|Any CPU.ActiveCfg = Release|Any CPU
		{869AB66B-6298-4829-A6D2-C3CC1823B44B}.Release|Any CPU.Build.0 = Release|Any CPU
		{E4C547F9-6C29-45EF-8A1F-459DA9640AB6}.Debug|Any CPU.ActiveCfg = Debug|Any CPU
		{E4C547F9-6C29-45EF-8A1F-459DA9640AB6}.Debug|Any CPU.Build.0 = Debug|Any CPU
		{E4C547F9-6C29-45EF-8A1F-459DA9640AB6}.Release|Any CPU.ActiveCfg = Release|Any CPU
		{E4C547F9-6C29-45EF-8A1F-459DA9640AB6}.Release|Any CPU.Build.0 = Release|Any CPU
	EndGlobalSection
	GlobalSection(SolutionProperties) = preSolution
		HideSolutionNode = FALSE
	EndGlobalSection
	GlobalSection(ExtensibilityGlobals) = postSolution
		SolutionGuid = {05CDFA06-56F7-424F-ADFE-BFEA0838873B}
	EndGlobalSection
EndGlobal
